<?xml version="1.0" encoding="utf-8"?>
<Project ToolsVersion="4.0" xmlns="http://schemas.microsoft.com/developer/msbuild/2003">
  <ItemGroup>
    <Filter Include="Source Files">
      <UniqueIdentifier>{4FC737F1-C7A5-4376-A066-2A32D752A2FF}</UniqueIdentifier>
      <Extensions>cpp;c;cc;cxx;def;odl;idl;hpj;bat;asm;asmx</Extensions>
    </Filter>
    <Filter Include="Header Files">
      <UniqueIdentifier>{93995380-89BD-4b04-88EB-625FBE52EBFB}</UniqueIdentifier>
      <Extensions>h;hh;hpp;hxx;hm;inl;inc;xsd</Extensions>
    </Filter>
    <Filter Include="Resource Files">
      <UniqueIdentifier>{D9D6E242-F8AF-46E4-B9FD-80ECBC20BA3E}</UniqueIdentifier>
      <Extensions>qrc;*</Extensions>
      <ParseFiles>false</ParseFiles>
    </Filter>
    <Filter Include="Form Files">
      <UniqueIdentifier>{99349809-55BA-4b9d-BF79-8FDBB0286EB3}</UniqueIdentifier>
      <Extensions>ui</Extensions>
    </Filter>
    <Filter Include="Resource Files">
      <UniqueIdentifier>{D9D6E242-F8AF-46E4-B9FD-80ECBC20BA3E}</UniqueIdentifier>
      <Extensions>qrc;*</Extensions>
      <ParseFiles>false</ParseFiles>
    </Filter>
    <Filter Include="Generated Files">
      <UniqueIdentifier>{71ED8ED8-ACB9-4CE9-BBE1-E00B30144E11}</UniqueIdentifier>
      <Extensions>moc;h;cpp</Extensions>
      <SourceControlFiles>False</SourceControlFiles>
    </Filter>
    <Filter Include="BoDucAPI Files">
      <UniqueIdentifier>{793da2d4-eeb4-4da0-ade3-f57fecba4ad1}</UniqueIdentifier>
    </Filter>
  </ItemGroup>
  <ItemGroup>
    <ClCompile Include="main.cpp">
      <Filter>Source Files</Filter>
    </ClCompile>
    <ClCompile Include="BoDucReportCreator.cpp">
      <Filter>Source Files</Filter>
    </ClCompile>
    <ClCompile Include="BdAPI\AddressAlgorithm.cpp">
      <Filter>BoDucAPI Files</Filter>
    </ClCompile>
    <ClCompile Include="BdAPI\AddressBuilder.cpp">
      <Filter>BoDucAPI Files</Filter>
    </ClCompile>
    <ClCompile Include="BdAPI\AddressParser.cpp">
      <Filter>BoDucAPI Files</Filter>
    </ClCompile>
    <ClCompile Include="BdAPI\BoDucApp.cpp">
      <Filter>BoDucAPI Files</Filter>
    </ClCompile>
    <ClCompile Include="BdAPI\BoDucFields.cpp">
      <Filter>BoDucAPI Files</Filter>
    </ClCompile>
    <ClCompile Include="BdAPI\BoDucParser.cpp">
      <Filter>BoDucAPI Files</Filter>
    </ClCompile>
    <ClCompile Include="BdAPI\BoDucReaderfix.cpp">
      <Filter>BoDucAPI Files</Filter>
    </ClCompile>
    <ClCompile Include="BdAPI\VictoBonLivraison.cpp">
      <Filter>BoDucAPI Files</Filter>
    </ClCompile>
    <ClCompile Include="BdAPI\VictoReader.cpp">
      <Filter>BoDucAPI Files</Filter>
    </ClCompile>
    <ClCompile Include="BdAPI\BoDucUtility.cpp">
      <Filter>BoDucAPI Files</Filter>
    </ClCompile>
  </ItemGroup>
  <ItemGroup>
    <QtMoc Include="BoDucReportCreator.h">
      <Filter>Header Files</Filter>
    </QtMoc>
  </ItemGroup>
  <ItemGroup>
    <QtUic Include="BoDucReportCreator.ui">
      <Filter>Form Files</Filter>
    </QtUic>
  </ItemGroup>
  <ItemGroup>
    <QtRcc Include="BoDucReportCreator.qrc">
      <Filter>Resource Files</Filter>
    </QtRcc>
  </ItemGroup>
  <ItemGroup>
    <ClInclude Include="BdAPI\AddressAlgorithm.h">
      <Filter>BoDucAPI Files</Filter>
    </ClInclude>
    <ClInclude Include="BdAPI\AddressBuilder.h">
      <Filter>BoDucAPI Files</Filter>
    </ClInclude>
    <ClInclude Include="BdAPI\AddressParser.h">
      <Filter>BoDucAPI Files</Filter>
    </ClInclude>
    <ClInclude Include="BdAPI\BoDucApp.h">
      <Filter>BoDucAPI Files</Filter>
    </ClInclude>
    <ClInclude Include="BdAPI\BoDucBonLivraisonAlgorithm.h">
      <Filter>BoDucAPI Files</Filter>
    </ClInclude>
    <ClInclude Include="BdAPI\BoDucCsvReader.h">
      <Filter>BoDucAPI Files</Filter>
    </ClInclude>
    <ClInclude Include="BdAPI\BoDucFields.h">
      <Filter>BoDucAPI Files</Filter>
    </ClInclude>
    <ClInclude Include="BdAPI\BoDucParser.h">
      <Filter>BoDucAPI Files</Filter>
    </ClInclude>
    <ClInclude Include="BdAPI\BoDucReaderfix.h">
      <Filter>BoDucAPI Files</Filter>
    </ClInclude>
    <ClInclude Include="BdAPI\VictoBonLivraison.h">
      <Filter>BoDucAPI Files</Filter>
    </ClInclude>
    <ClInclude Include="BdAPI\VictoReader.h">
      <Filter>BoDucAPI Files</Filter>
    </ClInclude>
    <ClInclude Include="BdAPI\BoDucUtility.h">
      <Filter>BoDucAPI Files</Filter>
    </ClInclude>
  </ItemGroup>
</Project>