<?xml version="1.0" encoding="utf-8"?>
<Project ToolsVersion="4.0" xmlns="http://schemas.microsoft.com/developer/msbuild/2003">
  <ItemGroup>
    <Filter Include="Source Files">
      <UniqueIdentifier>{4FC737F1-C7A5-4376-A066-2A32D752A2FF}</UniqueIdentifier>
      <Extensions>cpp;c;cc;cxx;def;odl;idl;hpj;bat;asm;asmx</Extensions>
    </Filter>
    <Filter Include="Header Files">
      <UniqueIdentifier>{93995380-89BD-4b04-88EB-625FBE52EBFB}</UniqueIdentifier>
      <Extensions>h;hh;hpp;hxx;hm;inl;inc;xsd</Extensions>
    </Filter>
    <Filter Include="Form Files">
      <UniqueIdentifier>{99349809-55BA-4b9d-BF79-8FDBB0286EB3}</UniqueIdentifier>
      <Extensions>ui</Extensions>
    </Filter>
    <Filter Include="Generated Files">
      <UniqueIdentifier>{71ED8ED8-ACB9-4CE9-BBE1-E00B30144E11}</UniqueIdentifier>
      <Extensions>moc;h;cpp</Extensions>
      <SourceControlFiles>False</SourceControlFiles>
    </Filter>
    <Filter Include="BoDucAPI Files">
      <UniqueIdentifier>{793da2d4-eeb4-4da0-ade3-f57fecba4ad1}</UniqueIdentifier>
    </Filter>
    <Filter Include="Generated Files\Debug">
      <UniqueIdentifier>{52b437a1-2a31-484b-939a-8d3cd309fbf0}</UniqueIdentifier>
    </Filter>
    <Filter Include="Generated Files\Release">
      <UniqueIdentifier>{a03eca16-e06a-4510-877c-f12f989eee55}</UniqueIdentifier>
    </Filter>
  </ItemGroup>
  <ItemGroup>
    <ClCompile Include="main.cpp">
      <Filter>Source Files</Filter>
    </ClCompile>
    <ClCompile Include="BoDucReportCreator.cpp">
      <Filter>Source Files</Filter>
    </ClCompile>
    <ClCompile Include="BdAPI\AddressAlgorithm.cpp">
      <Filter>BoDucAPI Files</Filter>
    </ClCompile>
    <ClCompile Include="BdAPI\AddressBuilder.cpp">
      <Filter>BoDucAPI Files</Filter>
    </ClCompile>
    <ClCompile Include="BdAPI\AddressParser.cpp">
      <Filter>BoDucAPI Files</Filter>
    </ClCompile>
    <ClCompile Include="BdAPI\BoDucApp.cpp">
      <Filter>BoDucAPI Files</Filter>
    </ClCompile>
    <ClCompile Include="BdAPI\BoDucFields.cpp">
      <Filter>BoDucAPI Files</Filter>
    </ClCompile>
    <ClCompile Include="BdAPI\BoDucParser.cpp">
      <Filter>BoDucAPI Files</Filter>
    </ClCompile>
    <ClCompile Include="BdAPI\BoDucReaderfix.cpp">
      <Filter>BoDucAPI Files</Filter>
    </ClCompile>
    <ClCompile Include="BdAPI\VictoReader.cpp">
      <Filter>BoDucAPI Files</Filter>
    </ClCompile>
    <ClCompile Include="BdAPI\BoDucUtility.cpp">
      <Filter>BoDucAPI Files</Filter>
    </ClCompile>
    <ClCompile Include="BdAPI\PdfMinerAlgo.cpp">
      <Filter>BoDucAPI Files</Filter>
    </ClCompile>
    <ClCompile Include="BdAPI\PdfMinerReader.cpp">
      <Filter>BoDucAPI Files</Filter>
    </ClCompile>
    <ClCompile Include="BdAPI\BoDucCmdFileReader.cpp">
      <Filter>BoDucAPI Files</Filter>
    </ClCompile>
    <ClCompile Include="BdAPI\BoDucBaseReport.cpp">
      <Filter>BoDucAPI Files</Filter>
    </ClCompile>
    <ClCompile Include="AnalyzerBoxWidget.cpp">
      <Filter>Source Files</Filter>
    </ClCompile>
    <ClCompile Include="ProgressUnitBoxWidget.cpp">
      <Filter>Source Files</Filter>
    </ClCompile>
    <ClCompile Include="BdAPI\BoDucBonLivraisonReport.cpp">
      <Filter>Source Files</Filter>
    </ClCompile>
    <ClCompile Include="BdAPI\BoDucBonLivraison.cpp">
      <Filter>BoDucAPI Files</Filter>
    </ClCompile>
    <ClCompile Include="BdAPI\AcrobatCsvAlgorithm.cpp">
      <Filter>BoDucAPI Files</Filter>
    </ClCompile>
    <ClCompile Include="BdAPI\RCsvAlgorithm.cpp">
      <Filter>BoDucAPI Files</Filter>
    </ClCompile>
    <ClCompile Include="BdAPI\BoDucCmdText.cpp">
      <Filter>Source Files</Filter>
    </ClCompile>
  </ItemGroup>
  <ItemGroup>
    <QtUic Include="BoDucReportCreator.ui">
      <Filter>Form Files</Filter>
    </QtUic>
  </ItemGroup>
  <ItemGroup>
    <ClInclude Include="BdAPI\AddressAlgorithm.h">
      <Filter>BoDucAPI Files</Filter>
    </ClInclude>
    <ClInclude Include="BdAPI\AddressBuilder.h">
      <Filter>BoDucAPI Files</Filter>
    </ClInclude>
    <ClInclude Include="BdAPI\AddressParser.h">
      <Filter>BoDucAPI Files</Filter>
    </ClInclude>
    <ClInclude Include="BdAPI\BoDucApp.h">
      <Filter>BoDucAPI Files</Filter>
    </ClInclude>
    <ClInclude Include="BdAPI\BoDucCsvReader.h">
      <Filter>BoDucAPI Files</Filter>
    </ClInclude>
    <ClInclude Include="BdAPI\BoDucFields.h">
      <Filter>BoDucAPI Files</Filter>
    </ClInclude>
    <ClInclude Include="BdAPI\BoDucParser.h">
      <Filter>BoDucAPI Files</Filter>
    </ClInclude>
    <ClInclude Include="BdAPI\BoDucReaderfix.h">
      <Filter>BoDucAPI Files</Filter>
    </ClInclude>
    <ClInclude Include="BdAPI\VictoReader.h">
      <Filter>BoDucAPI Files</Filter>
    </ClInclude>
    <ClInclude Include="BdAPI\BoDucUtility.h">
      <Filter>BoDucAPI Files</Filter>
    </ClInclude>
    <ClInclude Include="BdAPI\PdfMinerAlgo.h">
      <Filter>BoDucAPI Files</Filter>
    </ClInclude>
    <ClInclude Include="BdAPI\PdfMinerReader.h">
      <Filter>BoDucAPI Files</Filter>
    </ClInclude>
    <ClInclude Include="GeneratedFiles\ui_BoDucReportCreator.h">
      <Filter>Generated Files</Filter>
    </ClInclude>
    <ClInclude Include="BdAPI\BoDucCmdFileReader.h">
      <Filter>BoDucAPI Files</Filter>
    </ClInclude>
    <ClInclude Include="BdAPI\BoDucCmdText.h">
      <Filter>BoDucAPI Files</Filter>
    </ClInclude>
    <ClInclude Include="BdAPI\BoDucBaseReport.h">
      <Filter>BoDucAPI Files</Filter>
    </ClInclude>
    <ClInclude Include="BdAPI\BoDucBonLivraison.h">
      <Filter>BoDucAPI Files</Filter>
    </ClInclude>
    <ClInclude Include="BdAPI\BoDucFilePaser.h">
      <Filter>Header Files</Filter>
    </ClInclude>
    <ClInclude Include="BdAPI\BoDucLineParser.h">
      <Filter>BoDucAPI Files</Filter>
    </ClInclude>
    <ClInclude Include="BdAPI\BoDucCmdDataExtractor.h">
      <Filter>BoDucAPI Files</Filter>
    </ClInclude>
    <ClInclude Include="BdAPI\BoDucFileDataStore.h">
      <Filter>BoDucAPI Files</Filter>
    </ClInclude>
    <ClInclude Include="BdAPI\BoDucBonLivraisonReport.h">
      <Filter>BoDucAPI Files</Filter>
    </ClInclude>
    <ClInclude Include="BdAPI\BoDucProDescrAnalyzer.h">
      <Filter>Header Files</Filter>
    </ClInclude>
    <ClInclude Include="BdAPI\BoDucProDescrAnalyzer.hpp">
      <Filter>BoDucAPI Files</Filter>
    </ClInclude>
    <ClInclude Include="BdAPI\ExtractDataAlgorithm.h">
      <Filter>BoDucAPI Files</Filter>
    </ClInclude>
    <ClInclude Include="BdAPI\AcrobatCsvAlgorithm.h">
      <Filter>BoDucAPI Files</Filter>
    </ClInclude>
    <ClInclude Include="BdAPI\QBoDucFields.h">
      <Filter>BoDucAPI Files</Filter>
    </ClInclude>
    <ClInclude Include="BdAPI\RCsvAlgorithm.h">
      <Filter>BoDucAPI Files</Filter>
    </ClInclude>
  </ItemGroup>
  <ItemGroup>
    <QtMoc Include="BoDucReportCreator.h">
      <Filter>Header Files</Filter>
    </QtMoc>
    <QtMoc Include="AnalyzerBoxWidget.h">
      <Filter>Header Files</Filter>
    </QtMoc>
    <QtMoc Include="ProgressUnitBoxWidget.h">
      <Filter>Header Files</Filter>
    </QtMoc>
    <QtMoc Include="BdAPI\QBoDucProdAnalyzer.h">
      <Filter>BoDucAPI Files</Filter>
    </QtMoc>
  </ItemGroup>
</Project>